// !$*UTF8*$!
{
	archiveVersion = 1;
	classes = {
	};
	objectVersion = 50;
	objects = {

/* Begin PBXBuildFile section */
		8643720425FA5C3D00D839E6 /* AppDelegate.swift in Sources */ = {isa = PBXBuildFile; fileRef = 8643720325FA5C3D00D839E6 /* AppDelegate.swift */; };
		8643720625FA5C3D00D839E6 /* SceneDelegate.swift in Sources */ = {isa = PBXBuildFile; fileRef = 8643720525FA5C3D00D839E6 /* SceneDelegate.swift */; };
		8643720B25FA5C3D00D839E6 /* Main.storyboard in Resources */ = {isa = PBXBuildFile; fileRef = 8643720925FA5C3D00D839E6 /* Main.storyboard */; };
		8643720E25FA5C3D00D839E6 /* Goalpost_app.xcdatamodeld in Sources */ = {isa = PBXBuildFile; fileRef = 8643720C25FA5C3D00D839E6 /* Goalpost_app.xcdatamodeld */; };
		8643721025FA5C4200D839E6 /* Assets.xcassets in Resources */ = {isa = PBXBuildFile; fileRef = 8643720F25FA5C4200D839E6 /* Assets.xcassets */; };
		8643721325FA5C4200D839E6 /* LaunchScreen.storyboard in Resources */ = {isa = PBXBuildFile; fileRef = 8643721125FA5C4200D839E6 /* LaunchScreen.storyboard */; };
		86AEDE9E2606168300E3FBF3 /* UIViewExt.swift in Sources */ = {isa = PBXBuildFile; fileRef = 86AEDE9D2606168300E3FBF3 /* UIViewExt.swift */; };
		86AEDEA126061E3500E3FBF3 /* UIButtonExt.swift in Sources */ = {isa = PBXBuildFile; fileRef = 86AEDEA026061E3500E3FBF3 /* UIButtonExt.swift */; };
		86AEDEA426062CB700E3FBF3 /* FinishGoalVC.swift in Sources */ = {isa = PBXBuildFile; fileRef = 86AEDEA326062CB700E3FBF3 /* FinishGoalVC.swift */; };
		86D86ADF2603E31A003B8C53 /* GoalType.swift in Sources */ = {isa = PBXBuildFile; fileRef = 86D86ADE2603E31A003B8C53 /* GoalType.swift */; };
		86D86AE62603E851003B8C53 /* CreateGoalVC.swift in Sources */ = {isa = PBXBuildFile; fileRef = 86D86AE52603E851003B8C53 /* CreateGoalVC.swift */; };
		86D86AE92603EA8E003B8C53 /* UIViewControllerExt.swift in Sources */ = {isa = PBXBuildFile; fileRef = 86D86AE82603EA8E003B8C53 /* UIViewControllerExt.swift */; };
		86D9755C2603CD24005899FE /* GoalsVC.swift in Sources */ = {isa = PBXBuildFile; fileRef = 86D9755B2603CD24005899FE /* GoalsVC.swift */; };
		86D9755F2603D9BB005899FE /* GoalCell.swift in Sources */ = {isa = PBXBuildFile; fileRef = 86D9755E2603D9BB005899FE /* GoalCell.swift */; };
/* End PBXBuildFile section */

/* Begin PBXFileReference section */
		8643720025FA5C3D00D839E6 /* Goalpost-app.app */ = {isa = PBXFileReference; explicitFileType = wrapper.application; includeInIndex = 0; path = "Goalpost-app.app"; sourceTree = BUILT_PRODUCTS_DIR; };
		8643720325FA5C3D00D839E6 /* AppDelegate.swift */ = {isa = PBXFileReference; lastKnownFileType = sourcecode.swift; path = AppDelegate.swift; sourceTree = "<group>"; };
		8643720525FA5C3D00D839E6 /* SceneDelegate.swift */ = {isa = PBXFileReference; lastKnownFileType = sourcecode.swift; path = SceneDelegate.swift; sourceTree = "<group>"; };
		8643720A25FA5C3D00D839E6 /* Base */ = {isa = PBXFileReference; lastKnownFileType = file.storyboard; name = Base; path = Base.lproj/Main.storyboard; sourceTree = "<group>"; };
		8643720D25FA5C3D00D839E6 /* Goalpost_app.xcdatamodel */ = {isa = PBXFileReference; lastKnownFileType = wrapper.xcdatamodel; path = Goalpost_app.xcdatamodel; sourceTree = "<group>"; };
		8643720F25FA5C4200D839E6 /* Assets.xcassets */ = {isa = PBXFileReference; lastKnownFileType = folder.assetcatalog; path = Assets.xcassets; sourceTree = "<group>"; };
		8643721225FA5C4200D839E6 /* Base */ = {isa = PBXFileReference; lastKnownFileType = file.storyboard; name = Base; path = Base.lproj/LaunchScreen.storyboard; sourceTree = "<group>"; };
		8643721425FA5C4200D839E6 /* Info.plist */ = {isa = PBXFileReference; lastKnownFileType = text.plist.xml; path = Info.plist; sourceTree = "<group>"; };
		86AEDE9D2606168300E3FBF3 /* UIViewExt.swift */ = {isa = PBXFileReference; lastKnownFileType = sourcecode.swift; path = UIViewExt.swift; sourceTree = "<group>"; };
		86AEDEA026061E3500E3FBF3 /* UIButtonExt.swift */ = {isa = PBXFileReference; lastKnownFileType = sourcecode.swift; path = UIButtonExt.swift; sourceTree = "<group>"; };
		86AEDEA326062CB700E3FBF3 /* FinishGoalVC.swift */ = {isa = PBXFileReference; lastKnownFileType = sourcecode.swift; path = FinishGoalVC.swift; sourceTree = "<group>"; };
		86D86ADE2603E31A003B8C53 /* GoalType.swift */ = {isa = PBXFileReference; lastKnownFileType = sourcecode.swift; path = GoalType.swift; sourceTree = "<group>"; };
		86D86AE52603E851003B8C53 /* CreateGoalVC.swift */ = {isa = PBXFileReference; lastKnownFileType = sourcecode.swift; path = CreateGoalVC.swift; sourceTree = "<group>"; };
		86D86AE82603EA8E003B8C53 /* UIViewControllerExt.swift */ = {isa = PBXFileReference; lastKnownFileType = sourcecode.swift; path = UIViewControllerExt.swift; sourceTree = "<group>"; };
		86D9755B2603CD24005899FE /* GoalsVC.swift */ = {isa = PBXFileReference; fileEncoding = 4; lastKnownFileType = sourcecode.swift; path = GoalsVC.swift; sourceTree = "<group>"; };
		86D9755E2603D9BB005899FE /* GoalCell.swift */ = {isa = PBXFileReference; lastKnownFileType = sourcecode.swift; path = GoalCell.swift; sourceTree = "<group>"; };
/* End PBXFileReference section */

/* Begin PBXFrameworksBuildPhase section */
		864371FD25FA5C3D00D839E6 /* Frameworks */ = {
			isa = PBXFrameworksBuildPhase;
			buildActionMask = 2147483647;
			files = (
			);
			runOnlyForDeploymentPostprocessing = 0;
		};
/* End PBXFrameworksBuildPhase section */

/* Begin PBXGroup section */
		864371F725FA5C3D00D839E6 = {
			isa = PBXGroup;
			children = (
				8643720225FA5C3D00D839E6 /* Goalpost-app */,
				8643720125FA5C3D00D839E6 /* Products */,
			);
			sourceTree = "<group>";
		};
		8643720125FA5C3D00D839E6 /* Products */ = {
			isa = PBXGroup;
			children = (
				8643720025FA5C3D00D839E6 /* Goalpost-app.app */,
			);
			name = Products;
			sourceTree = "<group>";
		};
		8643720225FA5C3D00D839E6 /* Goalpost-app */ = {
			isa = PBXGroup;
			children = (
				8643721E25FA5CA300D839E6 /* Extensions */,
				8643721D25FA5C8E00D839E6 /* Enums */,
				8643721C25FA5C8800D839E6 /* Views */,
				8643721B25FA5C7200D839E6 /* Controller */,
				8643720325FA5C3D00D839E6 /* AppDelegate.swift */,
				8643720525FA5C3D00D839E6 /* SceneDelegate.swift */,
				8643720925FA5C3D00D839E6 /* Main.storyboard */,
				8643720F25FA5C4200D839E6 /* Assets.xcassets */,
				8643721125FA5C4200D839E6 /* LaunchScreen.storyboard */,
				8643721425FA5C4200D839E6 /* Info.plist */,
				8643720C25FA5C3D00D839E6 /* Goalpost_app.xcdatamodeld */,
			);
			path = "Goalpost-app";
			sourceTree = "<group>";
		};
		8643721B25FA5C7200D839E6 /* Controller */ = {
			isa = PBXGroup;
			children = (
				86D9755B2603CD24005899FE /* GoalsVC.swift */,
				86D86AE52603E851003B8C53 /* CreateGoalVC.swift */,
				86AEDEA326062CB700E3FBF3 /* FinishGoalVC.swift */,
			);
			path = Controller;
			sourceTree = "<group>";
		};
		8643721C25FA5C8800D839E6 /* Views */ = {
			isa = PBXGroup;
			children = (
				86D9755E2603D9BB005899FE /* GoalCell.swift */,
			);
			path = Views;
			sourceTree = "<group>";
		};
		8643721D25FA5C8E00D839E6 /* Enums */ = {
			isa = PBXGroup;
			children = (
				86D86ADE2603E31A003B8C53 /* GoalType.swift */,
			);
			path = Enums;
			sourceTree = "<group>";
		};
		8643721E25FA5CA300D839E6 /* Extensions */ = {
			isa = PBXGroup;
			children = (
				86D86AE82603EA8E003B8C53 /* UIViewControllerExt.swift */,
				86AEDE9D2606168300E3FBF3 /* UIViewExt.swift */,
				86AEDEA026061E3500E3FBF3 /* UIButtonExt.swift */,
			);
			path = Extensions;
			sourceTree = "<group>";
		};
/* End PBXGroup section */

/* Begin PBXNativeTarget section */
		864371FF25FA5C3D00D839E6 /* Goalpost-app */ = {
			isa = PBXNativeTarget;
			buildConfigurationList = 8643721725FA5C4200D839E6 /* Build configuration list for PBXNativeTarget "Goalpost-app" */;
			buildPhases = (
				864371FC25FA5C3D00D839E6 /* Sources */,
				864371FD25FA5C3D00D839E6 /* Frameworks */,
				864371FE25FA5C3D00D839E6 /* Resources */,
			);
			buildRules = (
			);
			dependencies = (
			);
			name = "Goalpost-app";
			productName = "Goalpost-app";
			productReference = 8643720025FA5C3D00D839E6 /* Goalpost-app.app */;
			productType = "com.apple.product-type.application";
		};
/* End PBXNativeTarget section */

/* Begin PBXProject section */
		864371F825FA5C3D00D839E6 /* Project object */ = {
			isa = PBXProject;
			attributes = {
				LastSwiftUpdateCheck = 1240;
				LastUpgradeCheck = 1240;
				TargetAttributes = {
					864371FF25FA5C3D00D839E6 = {
						CreatedOnToolsVersion = 12.4;
					};
				};
			};
			buildConfigurationList = 864371FB25FA5C3D00D839E6 /* Build configuration list for PBXProject "Goalpost-app" */;
			compatibilityVersion = "Xcode 9.3";
			developmentRegion = en;
			hasScannedForEncodings = 0;
			knownRegions = (
				en,
				Base,
			);
			mainGroup = 864371F725FA5C3D00D839E6;
			productRefGroup = 8643720125FA5C3D00D839E6 /* Products */;
			projectDirPath = "";
			projectRoot = "";
			targets = (
				864371FF25FA5C3D00D839E6 /* Goalpost-app */,
			);
		};
/* End PBXProject section */

/* Begin PBXResourcesBuildPhase section */
		864371FE25FA5C3D00D839E6 /* Resources */ = {
			isa = PBXResourcesBuildPhase;
			buildActionMask = 2147483647;
			files = (
				8643721325FA5C4200D839E6 /* LaunchScreen.storyboard in Resources */,
				8643721025FA5C4200D839E6 /* Assets.xcassets in Resources */,
				8643720B25FA5C3D00D839E6 /* Main.storyboard in Resources */,
			);
			runOnlyForDeploymentPostprocessing = 0;
		};
/* End PBXResourcesBuildPhase section */

/* Begin PBXSourcesBuildPhase section */
		864371FC25FA5C3D00D839E6 /* Sources */ = {
			isa = PBXSourcesBuildPhase;
			buildActionMask = 2147483647;
			files = (
				86AEDE9E2606168300E3FBF3 /* UIViewExt.swift in Sources */,
				86AEDEA126061E3500E3FBF3 /* UIButtonExt.swift in Sources */,
				8643720425FA5C3D00D839E6 /* AppDelegate.swift in Sources */,
				8643720E25FA5C3D00D839E6 /* Goalpost_app.xcdatamodeld in Sources */,
				86D86AE92603EA8E003B8C53 /* UIViewControllerExt.swift in Sources */,
				86AEDEA426062CB700E3FBF3 /* FinishGoalVC.swift in Sources */,
				86D86ADF2603E31A003B8C53 /* GoalType.swift in Sources */,
				8643720625FA5C3D00D839E6 /* SceneDelegate.swift in Sources */,
				86D86AE62603E851003B8C53 /* CreateGoalVC.swift in Sources */,
				86D9755F2603D9BB005899FE /* GoalCell.swift in Sources */,
				86D9755C2603CD24005899FE /* GoalsVC.swift in Sources */,
			);
			runOnlyForDeploymentPostprocessing = 0;
		};
/* End PBXSourcesBuildPhase section */

/* Begin PBXVariantGroup section */
		8643720925FA5C3D00D839E6 /* Main.storyboard */ = {
			isa = PBXVariantGroup;
			children = (
				8643720A25FA5C3D00D839E6 /* Base */,
			);
			name = Main.storyboard;
			sourceTree = "<group>";
		};
		8643721125FA5C4200D839E6 /* LaunchScreen.storyboard */ = {
			isa = PBXVariantGroup;
			children = (
				8643721225FA5C4200D839E6 /* Base */,
			);
			name = LaunchScreen.storyboard;
			sourceTree = "<group>";
		};
/* End PBXVariantGroup section */

/* Begin XCBuildConfiguration section */
		8643721525FA5C4200D839E6 /* Debug */ = {
			isa = XCBuildConfiguration;
			buildSettings = {
				ALWAYS_SEARCH_USER_PATHS = NO;
				CLANG_ANALYZER_NONNULL = YES;
				CLANG_ANALYZER_NUMBER_OBJECT_CONVERSION = YES_AGGRESSIVE;
				CLANG_CXX_LANGUAGE_STANDARD = "gnu++14";
				CLANG_CXX_LIBRARY = "libc++";
				CLANG_ENABLE_MODULES = YES;
				CLANG_ENABLE_OBJC_ARC = YES;
				CLANG_ENABLE_OBJC_WEAK = YES;
				CLANG_WARN_BLOCK_CAPTURE_AUTORELEASING = YES;
				CLANG_WARN_BOOL_CONVERSION = YES;
				CLANG_WARN_COMMA = YES;
				CLANG_WARN_CONSTANT_CONVERSION = YES;
				CLANG_WARN_DEPRECATED_OBJC_IMPLEMENTATIONS = YES;
				CLANG_WARN_DIRECT_OBJC_ISA_USAGE = YES_ERROR;
				CLANG_WARN_DOCUMENTATION_COMMENTS = YES;
				CLANG_WARN_EMPTY_BODY = YES;
				CLANG_WARN_ENUM_CONVERSION = YES;
				CLANG_WARN_INFINITE_RECURSION = YES;
				CLANG_WARN_INT_CONVERSION = YES;
				CLANG_WARN_NON_LITERAL_NULL_CONVERSION = YES;
				CLANG_WARN_OBJC_IMPLICIT_RETAIN_SELF = YES;
				CLANG_WARN_OBJC_LITERAL_CONVERSION = YES;
				CLANG_WARN_OBJC_ROOT_CLASS = YES_ERROR;
				CLANG_WARN_QUOTED_INCLUDE_IN_FRAMEWORK_HEADER = YES;
				CLANG_WARN_RANGE_LOOP_ANALYSIS = YES;
				CLANG_WARN_STRICT_PROTOTYPES = YES;
				CLANG_WARN_SUSPICIOUS_MOVE = YES;
				CLANG_WARN_UNGUARDED_AVAILABILITY = YES_AGGRESSIVE;
				CLANG_WARN_UNREACHABLE_CODE = YES;
				CLANG_WARN__DUPLICATE_METHOD_MATCH = YES;
				COPY_PHASE_STRIP = NO;
				DEBUG_INFORMATION_FORMAT = dwarf;
				ENABLE_STRICT_OBJC_MSGSEND = YES;
				ENABLE_TESTABILITY = YES;
				GCC_C_LANGUAGE_STANDARD = gnu11;
				GCC_DYNAMIC_NO_PIC = NO;
				GCC_NO_COMMON_BLOCKS = YES;
				GCC_OPTIMIZATION_LEVEL = 0;
				GCC_PREPROCESSOR_DEFINITIONS = (
					"DEBUG=1",
					"$(inherited)",
				);
				GCC_WARN_64_TO_32_BIT_CONVERSION = YES;
				GCC_WARN_ABOUT_RETURN_TYPE = YES_ERROR;
				GCC_WARN_UNDECLARED_SELECTOR = YES;
				GCC_WARN_UNINITIALIZED_AUTOS = YES_AGGRESSIVE;
				GCC_WARN_UNUSED_FUNCTION = YES;
				GCC_WARN_UNUSED_VARIABLE = YES;
				IPHONEOS_DEPLOYMENT_TARGET = 14.4;
				MTL_ENABLE_DEBUG_INFO = INCLUDE_SOURCE;
				MTL_FAST_MATH = YES;
				ONLY_ACTIVE_ARCH = YES;
				SDKROOT = iphoneos;
				SWIFT_ACTIVE_COMPILATION_CONDITIONS = DEBUG;
				SWIFT_OPTIMIZATION_LEVEL = "-Onone";
			};
			name = Debug;
		};
		8643721625FA5C4200D839E6 /* Release */ = {
			isa = XCBuildConfiguration;
			buildSettings = {
				ALWAYS_SEARCH_USER_PATHS = NO;
				CLANG_ANALYZER_NONNULL = YES;
				CLANG_ANALYZER_NUMBER_OBJECT_CONVERSION = YES_AGGRESSIVE;
				CLANG_CXX_LANGUAGE_STANDARD = "gnu++14";
				CLANG_CXX_LIBRARY = "libc++";
				CLANG_ENABLE_MODULES = YES;
				CLANG_ENABLE_OBJC_ARC = YES;
				CLANG_ENABLE_OBJC_WEAK = YES;
				CLANG_WARN_BLOCK_CAPTURE_AUTORELEASING = YES;
				CLANG_WARN_BOOL_CONVERSION = YES;
				CLANG_WARN_COMMA = YES;
				CLANG_WARN_CONSTANT_CONVERSION = YES;
				CLANG_WARN_DEPRECATED_OBJC_IMPLEMENTATIONS = YES;
				CLANG_WARN_DIRECT_OBJC_ISA_USAGE = YES_ERROR;
				CLANG_WARN_DOCUMENTATION_COMMENTS = YES;
				CLANG_WARN_EMPTY_BODY = YES;
				CLANG_WARN_ENUM_CONVERSION = YES;
				CLANG_WARN_INFINITE_RECURSION = YES;
				CLANG_WARN_INT_CONVERSION = YES;
				CLANG_WARN_NON_LITERAL_NULL_CONVERSION = YES;
				CLANG_WARN_OBJC_IMPLICIT_RETAIN_SELF = YES;
				CLANG_WARN_OBJC_LITERAL_CONVERSION = YES;
				CLANG_WARN_OBJC_ROOT_CLASS = YES_ERROR;
				CLANG_WARN_QUOTED_INCLUDE_IN_FRAMEWORK_HEADER = YES;
				CLANG_WARN_RANGE_LOOP_ANALYSIS = YES;
				CLANG_WARN_STRICT_PROTOTYPES = YES;
				CLANG_WARN_SUSPICIOUS_MOVE = YES;
				CLANG_WARN_UNGUARDED_AVAILABILITY = YES_AGGRESSIVE;
				CLANG_WARN_UNREACHABLE_CODE = YES;
				CLANG_WARN__DUPLICATE_METHOD_MATCH = YES;
				COPY_PHASE_STRIP = NO;
				DEBUG_INFORMATION_FORMAT = "dwarf-with-dsym";
				ENABLE_NS_ASSERTIONS = NO;
				ENABLE_STRICT_OBJC_MSGSEND = YES;
				GCC_C_LANGUAGE_STANDARD = gnu11;
				GCC_NO_COMMON_BLOCKS = YES;
				GCC_WARN_64_TO_32_BIT_CONVERSION = YES;
				GCC_WARN_ABOUT_RETURN_TYPE = YES_ERROR;
				GCC_WARN_UNDECLARED_SELECTOR = YES;
				GCC_WARN_UNINITIALIZED_AUTOS = YES_AGGRESSIVE;
				GCC_WARN_UNUSED_FUNCTION = YES;
				GCC_WARN_UNUSED_VARIABLE = YES;
				IPHONEOS_DEPLOYMENT_TARGET = 14.4;
				MTL_ENABLE_DEBUG_INFO = NO;
				MTL_FAST_MATH = YES;
				SDKROOT = iphoneos;
				SWIFT_COMPILATION_MODE = wholemodule;
				SWIFT_OPTIMIZATION_LEVEL = "-O";
				VALIDATE_PRODUCT = YES;
			};
			name = Release;
		};
		8643721825FA5C4200D839E6 /* Debug */ = {
			isa = XCBuildConfiguration;
			buildSettings = {
				ASSETCATALOG_COMPILER_APPICON_NAME = AppIcon;
				ASSETCATALOG_COMPILER_GLOBAL_ACCENT_COLOR_NAME = AccentColor;
				CODE_SIGN_STYLE = Automatic;
				DEVELOPMENT_TEAM = GPRUBZA687;
				INFOPLIST_FILE = "Goalpost-app/Info.plist";
				LD_RUNPATH_SEARCH_PATHS = (
					"$(inherited)",
					"@executable_path/Frameworks",
				);
				PRODUCT_BUNDLE_IDENTIFIER = "com.Goalpost-app";
				PRODUCT_NAME = "$(TARGET_NAME)";
				SWIFT_VERSION = 5.0;
				TARGETED_DEVICE_FAMILY = "1,2";
			};
			name = Debug;
		};
		8643721925FA5C4200D839E6 /* Release */ = {
			isa = XCBuildConfiguration;
			buildSettings = {
				ASSETCATALOG_COMPILER_APPICON_NAME = AppIcon;
				ASSETCATALOG_COMPILER_GLOBAL_ACCENT_COLOR_NAME = AccentColor;
				CODE_SIGN_STYLE = Automatic;
				DEVELOPMENT_TEAM = GPRUBZA687;
				INFOPLIST_FILE = "Goalpost-app/Info.plist";
				LD_RUNPATH_SEARCH_PATHS = (
					"$(inherited)",
					"@executable_path/Frameworks",
				);
				PRODUCT_BUNDLE_IDENTIFIER = "com.Goalpost-app";
				PRODUCT_NAME = "$(TARGET_NAME)";
				SWIFT_VERSION = 5.0;
				TARGETED_DEVICE_FAMILY = "1,2";
			};
			name = Release;
		};
/* End XCBuildConfiguration section */

/* Begin XCConfigurationList section */
		864371FB25FA5C3D00D839E6 /* Build configuration list for PBXProject "Goalpost-app" */ = {
			isa = XCConfigurationList;
			buildConfigurations = (
				8643721525FA5C4200D839E6 /* Debug */,
				8643721625FA5C4200D839E6 /* Release */,
			);
			defaultConfigurationIsVisible = 0;
			defaultConfigurationName = Release;
		};
		8643721725FA5C4200D839E6 /* Build configuration list for PBXNativeTarget "Goalpost-app" */ = {
			isa = XCConfigurationList;
			buildConfigurations = (
				8643721825FA5C4200D839E6 /* Debug */,
				8643721925FA5C4200D839E6 /* Release */,
			);
			defaultConfigurationIsVisible = 0;
			defaultConfigurationName = Release;
		};
/* End XCConfigurationList section */

/* Begin XCVersionGroup section */
		8643720C25FA5C3D00D839E6 /* Goalpost_app.xcdatamodeld */ = {
			isa = XCVersionGroup;
			children = (
				8643720D25FA5C3D00D839E6 /* Goalpost_app.xcdatamodel */,
			);
			currentVersion = 8643720D25FA5C3D00D839E6 /* Goalpost_app.xcdatamodel */;
			path = Goalpost_app.xcdatamodeld;
			sourceTree = "<group>";
			versionGroupType = wrapper.xcdatamodel;
		};
/* End XCVersionGroup section */
	};
	rootObject = 864371F825FA5C3D00D839E6 /* Project object */;
}
